PODS:
  - AFNetworking (2.4.1):
    - AFNetworking/NSURLConnection (= 2.4.1)
    - AFNetworking/NSURLSession (= 2.4.1)
    - AFNetworking/Reachability (= 2.4.1)
    - AFNetworking/Security (= 2.4.1)
    - AFNetworking/Serialization (= 2.4.1)
    - AFNetworking/UIKit (= 2.4.1)
  - AFNetworking/NSURLConnection (2.4.1):
    - AFNetworking/Reachability
    - AFNetworking/Security
    - AFNetworking/Serialization
  - AFNetworking/NSURLSession (2.4.1):
    - AFNetworking/Reachability
    - AFNetworking/Security
    - AFNetworking/Serialization
  - AFNetworking/Reachability (2.4.1)
  - AFNetworking/Security (2.4.1)
  - AFNetworking/Serialization (2.4.1)
  - AFNetworking/UIKit (2.4.1):
    - AFNetworking/NSURLConnection
    - AFNetworking/NSURLSession
  - Base64 (1.0.1)
  - CocoaLumberjack (1.9.2):
    - CocoaLumberjack/Extensions (= 1.9.2)
  - CocoaLumberjack/Core (1.9.2)
  - CocoaLumberjack/Extensions (1.9.2):
    - CocoaLumberjack/Core
  - CrittercismSDK (5.0.4)
  - FontAwesomeKit (2.1.8):
    - FontAwesomeKit/Core (= 2.1.8)
    - FontAwesomeKit/FontAwesome (= 2.1.8)
    - FontAwesomeKit/FoundationIcons (= 2.1.8)
    - FontAwesomeKit/IonIcons (= 2.1.8)
    - FontAwesomeKit/Zocial (= 2.1.8)
  - FontAwesomeKit/Core (2.1.8)
  - FontAwesomeKit/FontAwesome (2.1.8):
    - FontAwesomeKit/Core
  - FontAwesomeKit/FoundationIcons (2.1.8):
    - FontAwesomeKit/Core
  - FontAwesomeKit/IonIcons (2.1.8):
    - FontAwesomeKit/Core
  - FontAwesomeKit/Zocial (2.1.8):
    - FontAwesomeKit/Core
  - HexColors (2.2.1)
  - MagicalRecord (2.2):
    - MagicalRecord/Core (= 2.2)
  - MagicalRecord/Core (2.2)
  - MBProgressHUD (0.9)
  - MKStoreKit (4.99)
  - mockingbird-toolbox (0.9.7):
    - mockingbird-toolbox/Assert (= 0.9.7)
    - mockingbird-toolbox/BatteryMonitor (= 0.9.7)
    - mockingbird-toolbox/BitmapPixelPlane (= 0.9.7)
    - mockingbird-toolbox/ColorTools (= 0.9.7)
    - mockingbird-toolbox/Common (= 0.9.7)
    - mockingbird-toolbox/Debug (= 0.9.7)
    - mockingbird-toolbox/Events (= 0.9.7)
    - mockingbird-toolbox/FieldListFormatter (= 0.9.7)
    - mockingbird-toolbox/FilesystemCache (= 0.9.7)
    - mockingbird-toolbox/FilesystemOperations (= 0.9.7)
    - mockingbird-toolbox/FormattedDescriptionObject (= 0.9.7)
    - mockingbird-toolbox/ImageScaling-UIImage (= 0.9.7)
    - mockingbird-toolbox/Indentation-NSString (= 0.9.7)
    - mockingbird-toolbox/MBToolbox-NSError (= 0.9.7)
    - mockingbird-toolbox/MBToolbox-UIColor (= 0.9.7)
    - mockingbird-toolbox/MessageDigest (= 0.9.7)
    - mockingbird-toolbox/MessageDigest-Extensions (= 0.9.7)
    - mockingbird-toolbox/MessageDigest-NSData (= 0.9.7)
    - mockingbird-toolbox/MessageDigest-NSString (= 0.9.7)
    - mockingbird-toolbox/Module (= 0.9.7)
    - mockingbird-toolbox/NetworkIndicator (= 0.9.7)
    - mockingbird-toolbox/NetworkMonitor (= 0.9.7)
    - mockingbird-toolbox/OperationQueue (= 0.9.7)
    - mockingbird-toolbox/Regex-NSString (= 0.9.7)
    - mockingbird-toolbox/RegexCache (= 0.9.7)
    - mockingbird-toolbox/RoundedRectTools (= 0.9.7)
    - mockingbird-toolbox/Runtime (= 0.9.7)
    - mockingbird-toolbox/ServiceManager (= 0.9.7)
    - mockingbird-toolbox/Singleton (= 0.9.7)
    - mockingbird-toolbox/SnapshotImage-UIView (= 0.9.7)
    - mockingbird-toolbox/StringFunctions (= 0.9.7)
    - mockingbird-toolbox/StringSizing-UIFont (= 0.9.7)
    - mockingbird-toolbox/ThreadLocalStorage (= 0.9.7)
    - mockingbird-toolbox/ThreadsafeCache (= 0.9.7)
  - mockingbird-toolbox/Assert (0.9.7)
  - mockingbird-toolbox/BatteryMonitor (0.9.7):
    - mockingbird-toolbox/Events
    - mockingbird-toolbox/ServiceManager
  - mockingbird-toolbox/BitmapPixelPlane (0.9.7):
    - mockingbird-toolbox/Common
  - mockingbird-toolbox/ColorTools (0.9.7)
  - mockingbird-toolbox/Common (0.9.7):
    - mockingbird-toolbox/Assert
    - mockingbird-toolbox/Debug
    - mockingbird-toolbox/Runtime
  - mockingbird-toolbox/Debug (0.9.7)
  - mockingbird-toolbox/Events (0.9.7):
    - mockingbird-toolbox/Common
  - mockingbird-toolbox/FieldListFormatter (0.9.7):
    - mockingbird-toolbox/Common
  - mockingbird-toolbox/FilesystemCache (0.9.7):
    - mockingbird-toolbox/FilesystemOperations
    - mockingbird-toolbox/MessageDigest-NSString
    - mockingbird-toolbox/ThreadsafeCache
  - mockingbird-toolbox/FilesystemOperations (0.9.7):
    - mockingbird-toolbox/OperationQueue
    - mockingbird-toolbox/Singleton
  - mockingbird-toolbox/FormattedDescriptionObject (0.9.7):
    - mockingbird-toolbox/FieldListFormatter
  - mockingbird-toolbox/ImageScaling-UIImage (0.9.7):
    - mockingbird-toolbox/Common
  - mockingbird-toolbox/Indentation-NSString (0.9.7):
    - mockingbird-toolbox/Common
  - mockingbird-toolbox/MBToolbox-NSError (0.9.7):
    - mockingbird-toolbox/Common
  - mockingbird-toolbox/MBToolbox-UIColor (0.9.7):
    - mockingbird-toolbox/Common
  - mockingbird-toolbox/MessageDigest (0.9.7):
    - mockingbird-toolbox/MBToolbox-NSError
  - mockingbird-toolbox/MessageDigest-Extensions (0.9.7):
    - mockingbird-toolbox/MessageDigest-NSData
    - mockingbird-toolbox/MessageDigest-NSString
  - mockingbird-toolbox/MessageDigest-NSData (0.9.7):
    - mockingbird-toolbox/MessageDigest
  - mockingbird-toolbox/MessageDigest-NSString (0.9.7):
    - mockingbird-toolbox/MessageDigest
  - mockingbird-toolbox/Module (0.9.7):
    - mockingbird-toolbox/Indentation-NSString
    - mockingbird-toolbox/Singleton
    - mockingbird-toolbox/ThreadLocalStorage
  - mockingbird-toolbox/NetworkIndicator (0.9.7):
    - mockingbird-toolbox/Events
    - mockingbird-toolbox/Singleton
  - mockingbird-toolbox/NetworkMonitor (0.9.7):
    - mockingbird-toolbox/Events
    - mockingbird-toolbox/ServiceManager
  - mockingbird-toolbox/OperationQueue (0.9.7):
    - mockingbird-toolbox/MBToolbox-NSError
  - mockingbird-toolbox/Regex-NSString (0.9.7):
    - mockingbird-toolbox/RegexCache
  - mockingbird-toolbox/RegexCache (0.9.7):
    - mockingbird-toolbox/Singleton
    - mockingbird-toolbox/ThreadsafeCache
  - mockingbird-toolbox/RoundedRectTools (0.9.7):
    - mockingbird-toolbox/Common
  - mockingbird-toolbox/Runtime (0.9.7)
  - mockingbird-toolbox/ServiceManager (0.9.7):
    - mockingbird-toolbox/Singleton
  - mockingbird-toolbox/Singleton (0.9.7):
    - mockingbird-toolbox/Common
  - mockingbird-toolbox/SnapshotImage-UIView (0.9.7):
    - mockingbird-toolbox/Common
  - mockingbird-toolbox/StringFunctions (0.9.7):
    - mockingbird-toolbox/Common
  - mockingbird-toolbox/StringSizing-UIFont (0.9.7):
    - mockingbird-toolbox/Common
  - mockingbird-toolbox/ThreadLocalStorage (0.9.7):
    - mockingbird-toolbox/Common
  - mockingbird-toolbox/ThreadsafeCache (0.9.7):
    - mockingbird-toolbox/Common
  - MTStatusBarOverlay (0.9.1)
  - Realm (0.87.1):
    - Realm/Headers (= 0.87.1)
  - Realm/Headers (0.87.1)
  - Repro (0.3.4)
  - SDWebImage (3.7.1):
    - SDWebImage/Core (= 3.7.1)
  - SDWebImage/Core (3.7.1)
  - SSZipArchive (0.3.2)
  - SVProgressHUD (1.0)
  - TTTAttributedLabel (1.10.1)
  - UIActionSheet+Blocks (0.8.1)
  - UIAlertView+Blocks (0.8.1)
  - UITextFieldWithLimit (0.1.1)
  - XCDYouTubeKit (2.0.3)

DEPENDENCIES:
  - AFNetworking
  - Base64
  - CocoaLumberjack
  - CrittercismSDK
  - FontAwesomeKit
  - HexColors
  - MagicalRecord
  - MBProgressHUD
  - MKStoreKit
  - mockingbird-toolbox
  - MTStatusBarOverlay
  - Realm
  - Repro
  - SDWebImage
  - SSZipArchive
  - SVProgressHUD
  - TTTAttributedLabel
  - UIActionSheet+Blocks
  - UIAlertView+Blocks
  - UITextFieldWithLimit
  - XCDYouTubeKit

SPEC CHECKSUMS:
  AFNetworking: 0aabc6fae66d6e5d039eeb21c315843c7aae51ab
  Base64: c6d74f31f150543b246a07e180ba813c88e59311
  CocoaLumberjack: 205769c032b5fef85b92472046bcc8b7e7c8a817
  CrittercismSDK: fa07680e01cd963ef23519f6a3dc2bf5ddb9b5bd
  FontAwesomeKit: a2edea3111dab107b4cc43b85881b404eb063385
  HexColors: 01384d2bbe8dc4ffa43c3b4135db6e976952d153
  MagicalRecord: 2b471584fc9e3137f3d0a56967917baa4979e224
  MBProgressHUD: 2038dbcf3dce73215abed6001657043d53aa79a8
  MKStoreKit: b3974582d36f1410eb4d1174728f45909a367b86
  mockingbird-toolbox: d73d0f853d1cd4281acedea17284af30c1e08511
  MTStatusBarOverlay: f1fef7143ed3e9ce3d2c6ee3f297079e5cab905f
  Realm: d2a10a60bbbd66c64ae8d839a378b88c68cf79bb
  Repro: 69386787c03768b2ce65be48e392add4c98e9d4e
  SDWebImage: 116e88633b5b416ea0ca4b334a4ac59cf72dd38d
  SSZipArchive: 11299a4e89821bd4085b12f25edaa85853e0051c
  SVProgressHUD: 5034c6e22b8c2ca3e09402e48d41ed0340aa1c50
  TTTAttributedLabel: 94bb04f1e005616002dd2cee0262a0082e533627
  UIActionSheet+Blocks: c8b9c02f3d08964e8f7a4202f004a639c15eab80
  UIAlertView+Blocks: 0b749f1f7bd5131ff2233b30a406c1585a7171b2
  UITextFieldWithLimit: 73fc6d57d64b0e7913c6190199d9864bb9f52969
  XCDYouTubeKit: 840728453f0a22f54e4488ebeb8ee955a30c274c

COCOAPODS: 0.35.0.rc1
