// !$*UTF8*$!
{
	archiveVersion = 1;
	classes = {
	};
	objectVersion = 47;
	objects = {

/* Begin PBXBuildFile section */
		2187477DA49441EFAB9A78F7 /* libPods.a in Frameworks */ = {isa = PBXBuildFile; fileRef = 402C1A4FFCCE439EA49FEF2B /* libPods.a */; };
		273194E719E1128F00A31748 /* Parse.framework in Frameworks */ = {isa = PBXBuildFile; fileRef = 273194E419E1128F00A31748 /* Parse.framework */; };
		273194EA19E1153B00A31748 /* Social.framework in Frameworks */ = {isa = PBXBuildFile; fileRef = 273194E919E1153B00A31748 /* Social.framework */; };
		273194EC19E1155100A31748 /* Accounts.framework in Frameworks */ = {isa = PBXBuildFile; fileRef = 273194EB19E1155100A31748 /* Accounts.framework */; };
		273194F419E1AECA00A31748 /* LHHomeViewController.m in Sources */ = {isa = PBXBuildFile; fileRef = 273194F319E1AECA00A31748 /* LHHomeViewController.m */; };
		2732E6081B03B5010063A297 /* CFNetwork.framework in Frameworks */ = {isa = PBXBuildFile; fileRef = 2732E6071B03B5010063A297 /* CFNetwork.framework */; };
		2732E60A1B03B5150063A297 /* CoreLocation.framework in Frameworks */ = {isa = PBXBuildFile; fileRef = 2732E6091B03B5150063A297 /* CoreLocation.framework */; };
		2732E60C1B03B5220063A297 /* MobileCoreServices.framework in Frameworks */ = {isa = PBXBuildFile; fileRef = 2732E60B1B03B5220063A297 /* MobileCoreServices.framework */; };
		2732E60E1B03B52A0063A297 /* QuartzCore.framework in Frameworks */ = {isa = PBXBuildFile; fileRef = 2732E60D1B03B52A0063A297 /* QuartzCore.framework */; };
		27336E1419ED7FC400416A74 /* Security.framework in Frameworks */ = {isa = PBXBuildFile; fileRef = 27336E1319ED7FC400416A74 /* Security.framework */; };
		273C290119B3FF7A0000C83E /* AVFoundation.framework in Frameworks */ = {isa = PBXBuildFile; fileRef = 273C290019B3FF7A0000C83E /* AVFoundation.framework */; };
		27774A181A791B4300FF0FC2 /* StoreKit.framework in Frameworks */ = {isa = PBXBuildFile; fileRef = 27774A171A791B4300FF0FC2 /* StoreKit.framework */; };
		2783FEB11A072A5900FAD223 /* LHTermsViewController.m in Sources */ = {isa = PBXBuildFile; fileRef = 2783FEB01A072A5900FAD223 /* LHTermsViewController.m */; };
		2783FEB31A07333000FAD223 /* terms_bg.png in Resources */ = {isa = PBXBuildFile; fileRef = 2783FEB21A07333000FAD223 /* terms_bg.png */; };
		2783FEB71A0738DC00FAD223 /* icon-empty.png in Resources */ = {isa = PBXBuildFile; fileRef = 2783FEB51A0738DC00FAD223 /* icon-empty.png */; };
		2783FEBA1A07392A00FAD223 /* icon-selected.png in Resources */ = {isa = PBXBuildFile; fileRef = 2783FEB91A07392A00FAD223 /* icon-selected.png */; };
		2786956E19B626250086137A /* MediaPlayer.framework in Frameworks */ = {isa = PBXBuildFile; fileRef = 2786956D19B626250086137A /* MediaPlayer.framework */; };
		278C1F0F19B2D7B3000F9B58 /* UIColor+LHColor.m in Sources */ = {isa = PBXBuildFile; fileRef = 278C1F0E19B2D7B3000F9B58 /* UIColor+LHColor.m */; };
		278C1F1419B2DFBE000F9B58 /* LHBaseConfig.m in Sources */ = {isa = PBXBuildFile; fileRef = 278C1F1319B2DFBE000F9B58 /* LHBaseConfig.m */; };
		278C1F1719B2E1EE000F9B58 /* LHConfig.m in Sources */ = {isa = PBXBuildFile; fileRef = 278C1F1619B2E1EE000F9B58 /* LHConfig.m */; };
		278C1FB319B3006C000F9B58 /* AudioToolbox.framework in Frameworks */ = {isa = PBXBuildFile; fileRef = 278C1FB219B3006C000F9B58 /* AudioToolbox.framework */; };
		27A11B4C19D83ED700B6A277 /* Settings.bundle in Resources */ = {isa = PBXBuildFile; fileRef = 27A11B4B19D83ED700B6A277 /* Settings.bundle */; };
		27CE2D1519DA2CF50015D47F /* libGoogleAnalyticsServices.a in Frameworks */ = {isa = PBXBuildFile; fileRef = 27CE2D1419DA2CF50015D47F /* libGoogleAnalyticsServices.a */; };
		27CE2D1719DA2D460015D47F /* CoreData.framework in Frameworks */ = {isa = PBXBuildFile; fileRef = 27CE2D1619DA2D460015D47F /* CoreData.framework */; };
		27CE2D1919DA2D980015D47F /* SystemConfiguration.framework in Frameworks */ = {isa = PBXBuildFile; fileRef = 27CE2D1819DA2D980015D47F /* SystemConfiguration.framework */; };
		27CE2D1B19DA2DCE0015D47F /* libz.dylib in Frameworks */ = {isa = PBXBuildFile; fileRef = 27CE2D1A19DA2DCE0015D47F /* libz.dylib */; };
		27CE2D1D19DA2E120015D47F /* libsqlite3.0.dylib in Frameworks */ = {isa = PBXBuildFile; fileRef = 27CE2D1C19DA2E120015D47F /* libsqlite3.0.dylib */; };
		27EB6A1E1B10391B006256F3 /* CAR.framework in Frameworks */ = {isa = PBXBuildFile; fileRef = 27EB6A1D1B10391B006256F3 /* CAR.framework */; };
		27EB6A211B103925006256F3 /* Crashlytics.framework in Frameworks */ = {isa = PBXBuildFile; fileRef = 27EB6A201B103925006256F3 /* Crashlytics.framework */; };
		27EB6A241B103933006256F3 /* Fabric.framework in Frameworks */ = {isa = PBXBuildFile; fileRef = 27EB6A231B103933006256F3 /* Fabric.framework */; };
		27EB6A271B10B464006256F3 /* NSString+Util.m in Sources */ = {isa = PBXBuildFile; fileRef = 27EB6A261B10B464006256F3 /* NSString+Util.m */; };
		27EC849419B1E2FB00DA13B1 /* overlay.png in Resources */ = {isa = PBXBuildFile; fileRef = 27EC849319B1E2FB00DA13B1 /* overlay.png */; };
		27EFEED619AAA725002740D1 /* Foundation.framework in Frameworks */ = {isa = PBXBuildFile; fileRef = 27EFEED519AAA725002740D1 /* Foundation.framework */; };
		27EFEED819AAA725002740D1 /* CoreGraphics.framework in Frameworks */ = {isa = PBXBuildFile; fileRef = 27EFEED719AAA725002740D1 /* CoreGraphics.framework */; };
		27EFEEDA19AAA725002740D1 /* UIKit.framework in Frameworks */ = {isa = PBXBuildFile; fileRef = 27EFEED919AAA725002740D1 /* UIKit.framework */; };
		27EFEEE019AAA725002740D1 /* InfoPlist.strings in Resources */ = {isa = PBXBuildFile; fileRef = 27EFEEDE19AAA725002740D1 /* InfoPlist.strings */; };
		27EFEEE219AAA725002740D1 /* main.m in Sources */ = {isa = PBXBuildFile; fileRef = 27EFEEE119AAA725002740D1 /* main.m */; };
		27EFEEE619AAA725002740D1 /* LHAppDelegate.m in Sources */ = {isa = PBXBuildFile; fileRef = 27EFEEE519AAA725002740D1 /* LHAppDelegate.m */; };
		27EFEEE919AAA725002740D1 /* Main.storyboard in Resources */ = {isa = PBXBuildFile; fileRef = 27EFEEE719AAA725002740D1 /* Main.storyboard */; };
		27EFEEEE19AAA725002740D1 /* Images.xcassets in Resources */ = {isa = PBXBuildFile; fileRef = 27EFEEED19AAA725002740D1 /* Images.xcassets */; };
		27EFEEF519AAA725002740D1 /* XCTest.framework in Frameworks */ = {isa = PBXBuildFile; fileRef = 27EFEEF419AAA725002740D1 /* XCTest.framework */; };
		27EFEEF619AAA725002740D1 /* Foundation.framework in Frameworks */ = {isa = PBXBuildFile; fileRef = 27EFEED519AAA725002740D1 /* Foundation.framework */; };
		27EFEEF719AAA725002740D1 /* UIKit.framework in Frameworks */ = {isa = PBXBuildFile; fileRef = 27EFEED919AAA725002740D1 /* UIKit.framework */; };
		27EFEEFF19AAA725002740D1 /* InfoPlist.strings in Resources */ = {isa = PBXBuildFile; fileRef = 27EFEEFD19AAA725002740D1 /* InfoPlist.strings */; };
		27EFEF0119AAA725002740D1 /* LiveHouseTests.m in Sources */ = {isa = PBXBuildFile; fileRef = 27EFEF0019AAA725002740D1 /* LiveHouseTests.m */; };
		27EFEF0B19AAB76F002740D1 /* background.png in Resources */ = {isa = PBXBuildFile; fileRef = 27EFEF0A19AAB76F002740D1 /* background.png */; };
		27FC095C1B06099A00B8AD66 /* ParseCrashReporting.framework in Frameworks */ = {isa = PBXBuildFile; fileRef = 27FC095B1B06099A00B8AD66 /* ParseCrashReporting.framework */; };
		27FC095E1B0609B700B8AD66 /* ParseFacebookUtilsV4.framework in Frameworks */ = {isa = PBXBuildFile; fileRef = 27FC095D1B0609B700B8AD66 /* ParseFacebookUtilsV4.framework */; };
		27FC09601B0609BE00B8AD66 /* ParseUI.framework in Frameworks */ = {isa = PBXBuildFile; fileRef = 27FC095F1B0609BE00B8AD66 /* ParseUI.framework */; };
		27FC09621B060A1A00B8AD66 /* Bolts.framework in Frameworks */ = {isa = PBXBuildFile; fileRef = 27FC09611B060A1A00B8AD66 /* Bolts.framework */; };
		27FC09641B060B1000B8AD66 /* libstdc++.6.0.9.dylib in Frameworks */ = {isa = PBXBuildFile; fileRef = 27FC09631B060B1000B8AD66 /* libstdc++.6.0.9.dylib */; };
		27FC09661B060CC900B8AD66 /* FBSDKCoreKit.framework in Frameworks */ = {isa = PBXBuildFile; fileRef = 27FC09651B060CC900B8AD66 /* FBSDKCoreKit.framework */; };
		27FC096A1B060FED00B8AD66 /* FBSDKLoginKit.framework in Frameworks */ = {isa = PBXBuildFile; fileRef = 27FC09691B060FED00B8AD66 /* FBSDKLoginKit.framework */; };
		27FCF2D419F5478F0092A733 /* UIApplication+UIID.m in Sources */ = {isa = PBXBuildFile; fileRef = 27FCF2D319F5478F0092A733 /* UIApplication+UIID.m */; };
		27FCF2D719F54D560092A733 /* LHURLRequest.m in Sources */ = {isa = PBXBuildFile; fileRef = 27FCF2D619F54D560092A733 /* LHURLRequest.m */; };
/* End PBXBuildFile section */

/* Begin PBXContainerItemProxy section */
		27EFEEF819AAA725002740D1 /* PBXContainerItemProxy */ = {
			isa = PBXContainerItemProxy;
			containerPortal = 27EFEECA19AAA725002740D1 /* Project object */;
			proxyType = 1;
			remoteGlobalIDString = 27EFEED119AAA725002740D1;
			remoteInfo = LiveHouse;
		};
/* End PBXContainerItemProxy section */

/* Begin PBXFileReference section */
		273194E419E1128F00A31748 /* Parse.framework */ = {isa = PBXFileReference; lastKnownFileType = wrapper.framework; path = Parse.framework; sourceTree = "<group>"; };
		273194E919E1153B00A31748 /* Social.framework */ = {isa = PBXFileReference; lastKnownFileType = wrapper.framework; name = Social.framework; path = System/Library/Frameworks/Social.framework; sourceTree = SDKROOT; };
		273194EB19E1155100A31748 /* Accounts.framework */ = {isa = PBXFileReference; lastKnownFileType = wrapper.framework; name = Accounts.framework; path = System/Library/Frameworks/Accounts.framework; sourceTree = SDKROOT; };
		273194F219E1AECA00A31748 /* LHHomeViewController.h */ = {isa = PBXFileReference; fileEncoding = 4; lastKnownFileType = sourcecode.c.h; path = LHHomeViewController.h; sourceTree = "<group>"; };
		273194F319E1AECA00A31748 /* LHHomeViewController.m */ = {isa = PBXFileReference; fileEncoding = 4; lastKnownFileType = sourcecode.c.objc; path = LHHomeViewController.m; sourceTree = "<group>"; };
		2732E6071B03B5010063A297 /* CFNetwork.framework */ = {isa = PBXFileReference; lastKnownFileType = wrapper.framework; name = CFNetwork.framework; path = System/Library/Frameworks/CFNetwork.framework; sourceTree = SDKROOT; };
		2732E6091B03B5150063A297 /* CoreLocation.framework */ = {isa = PBXFileReference; lastKnownFileType = wrapper.framework; name = CoreLocation.framework; path = System/Library/Frameworks/CoreLocation.framework; sourceTree = SDKROOT; };
		2732E60B1B03B5220063A297 /* MobileCoreServices.framework */ = {isa = PBXFileReference; lastKnownFileType = wrapper.framework; name = MobileCoreServices.framework; path = System/Library/Frameworks/MobileCoreServices.framework; sourceTree = SDKROOT; };
		2732E60D1B03B52A0063A297 /* QuartzCore.framework */ = {isa = PBXFileReference; lastKnownFileType = wrapper.framework; name = QuartzCore.framework; path = System/Library/Frameworks/QuartzCore.framework; sourceTree = SDKROOT; };
		27336E1319ED7FC400416A74 /* Security.framework */ = {isa = PBXFileReference; lastKnownFileType = wrapper.framework; name = Security.framework; path = System/Library/Frameworks/Security.framework; sourceTree = SDKROOT; };
		273C290019B3FF7A0000C83E /* AVFoundation.framework */ = {isa = PBXFileReference; lastKnownFileType = wrapper.framework; name = AVFoundation.framework; path = System/Library/Frameworks/AVFoundation.framework; sourceTree = SDKROOT; };
		27774A171A791B4300FF0FC2 /* StoreKit.framework */ = {isa = PBXFileReference; lastKnownFileType = wrapper.framework; name = StoreKit.framework; path = System/Library/Frameworks/StoreKit.framework; sourceTree = SDKROOT; };
		2783FEAF1A072A5900FAD223 /* LHTermsViewController.h */ = {isa = PBXFileReference; fileEncoding = 4; lastKnownFileType = sourcecode.c.h; path = LHTermsViewController.h; sourceTree = "<group>"; };
		2783FEB01A072A5900FAD223 /* LHTermsViewController.m */ = {isa = PBXFileReference; fileEncoding = 4; lastKnownFileType = sourcecode.c.objc; path = LHTermsViewController.m; sourceTree = "<group>"; };
		2783FEB21A07333000FAD223 /* terms_bg.png */ = {isa = PBXFileReference; lastKnownFileType = image.png; path = terms_bg.png; sourceTree = "<group>"; };
		2783FEB51A0738DC00FAD223 /* icon-empty.png */ = {isa = PBXFileReference; lastKnownFileType = image.png; path = "icon-empty.png"; sourceTree = "<group>"; };
		2783FEB91A07392A00FAD223 /* icon-selected.png */ = {isa = PBXFileReference; lastKnownFileType = image.png; path = "icon-selected.png"; sourceTree = "<group>"; };
		2786956D19B626250086137A /* MediaPlayer.framework */ = {isa = PBXFileReference; lastKnownFileType = wrapper.framework; name = MediaPlayer.framework; path = System/Library/Frameworks/MediaPlayer.framework; sourceTree = SDKROOT; };
		278C1F0D19B2D7B3000F9B58 /* UIColor+LHColor.h */ = {isa = PBXFileReference; fileEncoding = 4; lastKnownFileType = sourcecode.c.h; path = "UIColor+LHColor.h"; sourceTree = "<group>"; };
		278C1F0E19B2D7B3000F9B58 /* UIColor+LHColor.m */ = {isa = PBXFileReference; fileEncoding = 4; lastKnownFileType = sourcecode.c.objc; path = "UIColor+LHColor.m"; sourceTree = "<group>"; };
		278C1F1219B2DFBE000F9B58 /* LHBaseConfig.h */ = {isa = PBXFileReference; fileEncoding = 4; lastKnownFileType = sourcecode.c.h; path = LHBaseConfig.h; sourceTree = "<group>"; };
		278C1F1319B2DFBE000F9B58 /* LHBaseConfig.m */ = {isa = PBXFileReference; fileEncoding = 4; lastKnownFileType = sourcecode.c.objc; path = LHBaseConfig.m; sourceTree = "<group>"; };
		278C1F1519B2E1EE000F9B58 /* LHConfig.h */ = {isa = PBXFileReference; fileEncoding = 4; lastKnownFileType = sourcecode.c.h; path = LHConfig.h; sourceTree = "<group>"; };
		278C1F1619B2E1EE000F9B58 /* LHConfig.m */ = {isa = PBXFileReference; fileEncoding = 4; lastKnownFileType = sourcecode.c.objc; path = LHConfig.m; sourceTree = "<group>"; };
		278C1F1819B2E3C4000F9B58 /* LHConsts.h */ = {isa = PBXFileReference; lastKnownFileType = sourcecode.c.h; path = LHConsts.h; sourceTree = "<group>"; };
		278C1FB119B3006C000F9B58 /* LiveHouse.entitlements */ = {isa = PBXFileReference; lastKnownFileType = text.xml; path = LiveHouse.entitlements; sourceTree = "<group>"; };
		278C1FB219B3006C000F9B58 /* AudioToolbox.framework */ = {isa = PBXFileReference; lastKnownFileType = wrapper.framework; name = AudioToolbox.framework; path = System/Library/Frameworks/AudioToolbox.framework; sourceTree = SDKROOT; };
		27A11B4B19D83ED700B6A277 /* Settings.bundle */ = {isa = PBXFileReference; lastKnownFileType = "wrapper.plug-in"; path = Settings.bundle; sourceTree = "<group>"; };
		27CE2D0919DA2CF50015D47F /* GAI.h */ = {isa = PBXFileReference; fileEncoding = 4; lastKnownFileType = sourcecode.c.h; path = GAI.h; sourceTree = "<group>"; };
		27CE2D0A19DA2CF50015D47F /* GAIDictionaryBuilder.h */ = {isa = PBXFileReference; fileEncoding = 4; lastKnownFileType = sourcecode.c.h; path = GAIDictionaryBuilder.h; sourceTree = "<group>"; };
		27CE2D0B19DA2CF50015D47F /* GAIEcommerceFields.h */ = {isa = PBXFileReference; fileEncoding = 4; lastKnownFileType = sourcecode.c.h; path = GAIEcommerceFields.h; sourceTree = "<group>"; };
		27CE2D0C19DA2CF50015D47F /* GAIEcommerceProduct.h */ = {isa = PBXFileReference; fileEncoding = 4; lastKnownFileType = sourcecode.c.h; path = GAIEcommerceProduct.h; sourceTree = "<group>"; };
		27CE2D0D19DA2CF50015D47F /* GAIEcommerceProductAction.h */ = {isa = PBXFileReference; fileEncoding = 4; lastKnownFileType = sourcecode.c.h; path = GAIEcommerceProductAction.h; sourceTree = "<group>"; };
		27CE2D0E19DA2CF50015D47F /* GAIEcommercePromotion.h */ = {isa = PBXFileReference; fileEncoding = 4; lastKnownFileType = sourcecode.c.h; path = GAIEcommercePromotion.h; sourceTree = "<group>"; };
		27CE2D0F19DA2CF50015D47F /* GAIFields.h */ = {isa = PBXFileReference; fileEncoding = 4; lastKnownFileType = sourcecode.c.h; path = GAIFields.h; sourceTree = "<group>"; };
		27CE2D1019DA2CF50015D47F /* GAILogger.h */ = {isa = PBXFileReference; fileEncoding = 4; lastKnownFileType = sourcecode.c.h; path = GAILogger.h; sourceTree = "<group>"; };
		27CE2D1119DA2CF50015D47F /* GAITrackedViewController.h */ = {isa = PBXFileReference; fileEncoding = 4; lastKnownFileType = sourcecode.c.h; path = GAITrackedViewController.h; sourceTree = "<group>"; };
		27CE2D1219DA2CF50015D47F /* GAITracker.h */ = {isa = PBXFileReference; fileEncoding = 4; lastKnownFileType = sourcecode.c.h; path = GAITracker.h; sourceTree = "<group>"; };
		27CE2D1419DA2CF50015D47F /* libGoogleAnalyticsServices.a */ = {isa = PBXFileReference; lastKnownFileType = archive.ar; path = libGoogleAnalyticsServices.a; sourceTree = "<group>"; };
		27CE2D1619DA2D460015D47F /* CoreData.framework */ = {isa = PBXFileReference; lastKnownFileType = wrapper.framework; name = CoreData.framework; path = System/Library/Frameworks/CoreData.framework; sourceTree = SDKROOT; };
		27CE2D1819DA2D980015D47F /* SystemConfiguration.framework */ = {isa = PBXFileReference; lastKnownFileType = wrapper.framework; name = SystemConfiguration.framework; path = System/Library/Frameworks/SystemConfiguration.framework; sourceTree = SDKROOT; };
		27CE2D1A19DA2DCE0015D47F /* libz.dylib */ = {isa = PBXFileReference; lastKnownFileType = "compiled.mach-o.dylib"; name = libz.dylib; path = usr/lib/libz.dylib; sourceTree = SDKROOT; };
		27CE2D1C19DA2E120015D47F /* libsqlite3.0.dylib */ = {isa = PBXFileReference; lastKnownFileType = "compiled.mach-o.dylib"; name = libsqlite3.0.dylib; path = usr/lib/libsqlite3.0.dylib; sourceTree = SDKROOT; };
		27EB6A1D1B10391B006256F3 /* CAR.framework */ = {isa = PBXFileReference; lastKnownFileType = wrapper.framework; path = CAR.framework; sourceTree = "<group>"; };
		27EB6A201B103925006256F3 /* Crashlytics.framework */ = {isa = PBXFileReference; lastKnownFileType = wrapper.framework; path = Crashlytics.framework; sourceTree = "<group>"; };
		27EB6A231B103933006256F3 /* Fabric.framework */ = {isa = PBXFileReference; lastKnownFileType = wrapper.framework; path = Fabric.framework; sourceTree = "<group>"; };
		27EB6A251B10B464006256F3 /* NSString+Util.h */ = {isa = PBXFileReference; fileEncoding = 4; lastKnownFileType = sourcecode.c.h; path = "NSString+Util.h"; sourceTree = "<group>"; };
		27EB6A261B10B464006256F3 /* NSString+Util.m */ = {isa = PBXFileReference; fileEncoding = 4; lastKnownFileType = sourcecode.c.objc; path = "NSString+Util.m"; sourceTree = "<group>"; };
		27EC849319B1E2FB00DA13B1 /* overlay.png */ = {isa = PBXFileReference; lastKnownFileType = image.png; name = overlay.png; path = common/overlay.png; sourceTree = "<group>"; };
		27EFEED219AAA725002740D1 /* LIVEHOUSE.app */ = {isa = PBXFileReference; explicitFileType = wrapper.application; includeInIndex = 0; path = LIVEHOUSE.app; sourceTree = BUILT_PRODUCTS_DIR; };
		27EFEED519AAA725002740D1 /* Foundation.framework */ = {isa = PBXFileReference; lastKnownFileType = wrapper.framework; name = Foundation.framework; path = System/Library/Frameworks/Foundation.framework; sourceTree = SDKROOT; };
		27EFEED719AAA725002740D1 /* CoreGraphics.framework */ = {isa = PBXFileReference; lastKnownFileType = wrapper.framework; name = CoreGraphics.framework; path = System/Library/Frameworks/CoreGraphics.framework; sourceTree = SDKROOT; };
		27EFEED919AAA725002740D1 /* UIKit.framework */ = {isa = PBXFileReference; lastKnownFileType = wrapper.framework; name = UIKit.framework; path = System/Library/Frameworks/UIKit.framework; sourceTree = SDKROOT; };
		27EFEEDD19AAA725002740D1 /* LiveHouse-Info.plist */ = {isa = PBXFileReference; lastKnownFileType = text.plist.xml; path = "LiveHouse-Info.plist"; sourceTree = "<group>"; };
		27EFEEDF19AAA725002740D1 /* en */ = {isa = PBXFileReference; lastKnownFileType = text.plist.strings; name = en; path = en.lproj/InfoPlist.strings; sourceTree = "<group>"; };
		27EFEEE119AAA725002740D1 /* main.m */ = {isa = PBXFileReference; lastKnownFileType = sourcecode.c.objc; path = main.m; sourceTree = "<group>"; };
		27EFEEE319AAA725002740D1 /* LiveHouse-Prefix.pch */ = {isa = PBXFileReference; lastKnownFileType = sourcecode.c.h; path = "LiveHouse-Prefix.pch"; sourceTree = "<group>"; };
		27EFEEE419AAA725002740D1 /* LHAppDelegate.h */ = {isa = PBXFileReference; lastKnownFileType = sourcecode.c.h; path = LHAppDelegate.h; sourceTree = "<group>"; };
		27EFEEE519AAA725002740D1 /* LHAppDelegate.m */ = {isa = PBXFileReference; lastKnownFileType = sourcecode.c.objc; path = LHAppDelegate.m; sourceTree = "<group>"; };
		27EFEEE819AAA725002740D1 /* Base */ = {isa = PBXFileReference; lastKnownFileType = file.storyboard; name = Base; path = Base.lproj/Main.storyboard; sourceTree = "<group>"; };
		27EFEEED19AAA725002740D1 /* Images.xcassets */ = {isa = PBXFileReference; lastKnownFileType = folder.assetcatalog; name = Images.xcassets; path = LiveHouse/Images.xcassets; sourceTree = "<group>"; };
		27EFEEF319AAA725002740D1 /* LiveHouseTests.xctest */ = {isa = PBXFileReference; explicitFileType = wrapper.cfbundle; includeInIndex = 0; path = LiveHouseTests.xctest; sourceTree = BUILT_PRODUCTS_DIR; };
		27EFEEF419AAA725002740D1 /* XCTest.framework */ = {isa = PBXFileReference; lastKnownFileType = wrapper.framework; name = XCTest.framework; path = Library/Frameworks/XCTest.framework; sourceTree = DEVELOPER_DIR; };
		27EFEEFC19AAA725002740D1 /* LiveHouseTests-Info.plist */ = {isa = PBXFileReference; lastKnownFileType = text.plist.xml; path = "LiveHouseTests-Info.plist"; sourceTree = "<group>"; };
		27EFEEFE19AAA725002740D1 /* en */ = {isa = PBXFileReference; lastKnownFileType = text.plist.strings; name = en; path = en.lproj/InfoPlist.strings; sourceTree = "<group>"; };
		27EFEF0019AAA725002740D1 /* LiveHouseTests.m */ = {isa = PBXFileReference; lastKnownFileType = sourcecode.c.objc; path = LiveHouseTests.m; sourceTree = "<group>"; };
		27EFEF0A19AAB76F002740D1 /* background.png */ = {isa = PBXFileReference; lastKnownFileType = image.png; name = background.png; path = common/background.png; sourceTree = "<group>"; };
		27FC095B1B06099A00B8AD66 /* ParseCrashReporting.framework */ = {isa = PBXFileReference; lastKnownFileType = wrapper.framework; path = ParseCrashReporting.framework; sourceTree = "<group>"; };
		27FC095D1B0609B700B8AD66 /* ParseFacebookUtilsV4.framework */ = {isa = PBXFileReference; lastKnownFileType = wrapper.framework; path = ParseFacebookUtilsV4.framework; sourceTree = "<group>"; };
		27FC095F1B0609BE00B8AD66 /* ParseUI.framework */ = {isa = PBXFileReference; lastKnownFileType = wrapper.framework; path = ParseUI.framework; sourceTree = "<group>"; };
		27FC09611B060A1A00B8AD66 /* Bolts.framework */ = {isa = PBXFileReference; lastKnownFileType = wrapper.framework; path = Bolts.framework; sourceTree = "<group>"; };
		27FC09631B060B1000B8AD66 /* libstdc++.6.0.9.dylib */ = {isa = PBXFileReference; lastKnownFileType = "compiled.mach-o.dylib"; name = "libstdc++.6.0.9.dylib"; path = "usr/lib/libstdc++.6.0.9.dylib"; sourceTree = SDKROOT; };
		27FC09651B060CC900B8AD66 /* FBSDKCoreKit.framework */ = {isa = PBXFileReference; lastKnownFileType = wrapper.framework; name = FBSDKCoreKit.framework; path = ../../../Documents/FacebookSDK/FBSDKCoreKit.framework; sourceTree = "<group>"; };
		27FC09691B060FED00B8AD66 /* FBSDKLoginKit.framework */ = {isa = PBXFileReference; lastKnownFileType = wrapper.framework; name = FBSDKLoginKit.framework; path = ../../../Documents/FacebookSDK/FBSDKLoginKit.framework; sourceTree = "<group>"; };
		27FCF2D219F547610092A733 /* UIApplication+UIID.h */ = {isa = PBXFileReference; fileEncoding = 4; lastKnownFileType = sourcecode.c.h; path = "UIApplication+UIID.h"; sourceTree = "<group>"; };
		27FCF2D319F5478F0092A733 /* UIApplication+UIID.m */ = {isa = PBXFileReference; fileEncoding = 4; lastKnownFileType = sourcecode.c.objc; path = "UIApplication+UIID.m"; sourceTree = "<group>"; };
		27FCF2D519F54D560092A733 /* LHURLRequest.h */ = {isa = PBXFileReference; fileEncoding = 4; lastKnownFileType = sourcecode.c.h; path = LHURLRequest.h; sourceTree = "<group>"; };
		27FCF2D619F54D560092A733 /* LHURLRequest.m */ = {isa = PBXFileReference; fileEncoding = 4; lastKnownFileType = sourcecode.c.objc; path = LHURLRequest.m; sourceTree = "<group>"; };
		402C1A4FFCCE439EA49FEF2B /* libPods.a */ = {isa = PBXFileReference; explicitFileType = archive.ar; includeInIndex = 0; path = libPods.a; sourceTree = BUILT_PRODUCTS_DIR; };
		9FCCACB725E826461851D222 /* Pods.release.xcconfig */ = {isa = PBXFileReference; includeInIndex = 1; lastKnownFileType = text.xcconfig; name = Pods.release.xcconfig; path = "Pods/Target Support Files/Pods/Pods.release.xcconfig"; sourceTree = "<group>"; };
		C391842A18644386229EA2D3 /* Pods.debug.xcconfig */ = {isa = PBXFileReference; includeInIndex = 1; lastKnownFileType = text.xcconfig; name = Pods.debug.xcconfig; path = "Pods/Target Support Files/Pods/Pods.debug.xcconfig"; sourceTree = "<group>"; };
/* End PBXFileReference section */

/* Begin PBXFrameworksBuildPhase section */
		27EFEECF19AAA725002740D1 /* Frameworks */ = {
			isa = PBXFrameworksBuildPhase;
			buildActionMask = 2147483647;
			files = (
				27FC09641B060B1000B8AD66 /* libstdc++.6.0.9.dylib in Frameworks */,
				27FC09661B060CC900B8AD66 /* FBSDKCoreKit.framework in Frameworks */,
				273194EC19E1155100A31748 /* Accounts.framework in Frameworks */,
				273194EA19E1153B00A31748 /* Social.framework in Frameworks */,
				27FC095E1B0609B700B8AD66 /* ParseFacebookUtilsV4.framework in Frameworks */,
				2732E60E1B03B52A0063A297 /* QuartzCore.framework in Frameworks */,
				27EB6A1E1B10391B006256F3 /* CAR.framework in Frameworks */,
				2732E60C1B03B5220063A297 /* MobileCoreServices.framework in Frameworks */,
				2732E60A1B03B5150063A297 /* CoreLocation.framework in Frameworks */,
				2732E6081B03B5010063A297 /* CFNetwork.framework in Frameworks */,
				2786956E19B626250086137A /* MediaPlayer.framework in Frameworks */,
				27336E1419ED7FC400416A74 /* Security.framework in Frameworks */,
				27CE2D1919DA2D980015D47F /* SystemConfiguration.framework in Frameworks */,
				27CE2D1D19DA2E120015D47F /* libsqlite3.0.dylib in Frameworks */,
				27CE2D1B19DA2DCE0015D47F /* libz.dylib in Frameworks */,
				27CE2D1719DA2D460015D47F /* CoreData.framework in Frameworks */,
				27EB6A211B103925006256F3 /* Crashlytics.framework in Frameworks */,
				273C290119B3FF7A0000C83E /* AVFoundation.framework in Frameworks */,
				27FC09621B060A1A00B8AD66 /* Bolts.framework in Frameworks */,
				27EFEED819AAA725002740D1 /* CoreGraphics.framework in Frameworks */,
				27CE2D1519DA2CF50015D47F /* libGoogleAnalyticsServices.a in Frameworks */,
				27FC09601B0609BE00B8AD66 /* ParseUI.framework in Frameworks */,
				27EFEEDA19AAA725002740D1 /* UIKit.framework in Frameworks */,
				27FC095C1B06099A00B8AD66 /* ParseCrashReporting.framework in Frameworks */,
				273194E719E1128F00A31748 /* Parse.framework in Frameworks */,
				278C1FB319B3006C000F9B58 /* AudioToolbox.framework in Frameworks */,
				27EFEED619AAA725002740D1 /* Foundation.framework in Frameworks */,
				2187477DA49441EFAB9A78F7 /* libPods.a in Frameworks */,
				27FC096A1B060FED00B8AD66 /* FBSDKLoginKit.framework in Frameworks */,
				27774A181A791B4300FF0FC2 /* StoreKit.framework in Frameworks */,
				27EB6A241B103933006256F3 /* Fabric.framework in Frameworks */,
			);
			runOnlyForDeploymentPostprocessing = 0;
		};
		27EFEEF019AAA725002740D1 /* Frameworks */ = {
			isa = PBXFrameworksBuildPhase;
			buildActionMask = 2147483647;
			files = (
				27EFEEF519AAA725002740D1 /* XCTest.framework in Frameworks */,
				27EFEEF719AAA725002740D1 /* UIKit.framework in Frameworks */,
				27EFEEF619AAA725002740D1 /* Foundation.framework in Frameworks */,
			);
			runOnlyForDeploymentPostprocessing = 0;
		};
/* End PBXFrameworksBuildPhase section */

/* Begin PBXGroup section */
		0D57CED88CFB9FD3469A0205 /* Pods */ = {
			isa = PBXGroup;
			children = (
				C391842A18644386229EA2D3 /* Pods.debug.xcconfig */,
				9FCCACB725E826461851D222 /* Pods.release.xcconfig */,
			);
			name = Pods;
			sourceTree = "<group>";
		};
		27130E6D19BCB6C700970DA7 /* common */ = {
			isa = PBXGroup;
			children = (
				27EFEF0A19AAB76F002740D1 /* background.png */,
				27EC849319B1E2FB00DA13B1 /* overlay.png */,
			);
			name = common;
			sourceTree = "<group>";
		};
		273194E219E1128F00A31748 /* Parse */ = {
			isa = PBXGroup;
			children = (
				27FC09611B060A1A00B8AD66 /* Bolts.framework */,
				27FC095F1B0609BE00B8AD66 /* ParseUI.framework */,
				27FC095D1B0609B700B8AD66 /* ParseFacebookUtilsV4.framework */,
				27FC095B1B06099A00B8AD66 /* ParseCrashReporting.framework */,
				273194E419E1128F00A31748 /* Parse.framework */,
			);
			path = Parse;
			sourceTree = "<group>";
		};
		273C290219B3FFE20000C83E /* Models */ = {
			isa = PBXGroup;
			children = (
			);
			name = Models;
			sourceTree = "<group>";
		};
		2783FEB41A0738C300FAD223 /* terms */ = {
			isa = PBXGroup;
			children = (
				2783FEB51A0738DC00FAD223 /* icon-empty.png */,
				2783FEB91A07392A00FAD223 /* icon-selected.png */,
				2783FEB21A07333000FAD223 /* terms_bg.png */,
			);
			name = terms;
			sourceTree = "<group>";
		};
		278C1F0619B2D5F1000F9B58 /* Extensions */ = {
			isa = PBXGroup;
			children = (
				278C1F0D19B2D7B3000F9B58 /* UIColor+LHColor.h */,
				278C1F0E19B2D7B3000F9B58 /* UIColor+LHColor.m */,
				27FCF2D219F547610092A733 /* UIApplication+UIID.h */,
				27FCF2D319F5478F0092A733 /* UIApplication+UIID.m */,
				27EB6A251B10B464006256F3 /* NSString+Util.h */,
				27EB6A261B10B464006256F3 /* NSString+Util.m */,
			);
			name = Extensions;
			sourceTree = "<group>";
		};
		278C1F1019B2DE62000F9B58 /* Common */ = {
			isa = PBXGroup;
			children = (
				278C1F1219B2DFBE000F9B58 /* LHBaseConfig.h */,
				278C1F1319B2DFBE000F9B58 /* LHBaseConfig.m */,
				278C1F1519B2E1EE000F9B58 /* LHConfig.h */,
				278C1F1619B2E1EE000F9B58 /* LHConfig.m */,
				278C1F1819B2E3C4000F9B58 /* LHConsts.h */,
				27FCF2D519F54D560092A733 /* LHURLRequest.h */,
				27FCF2D619F54D560092A733 /* LHURLRequest.m */,
			);
			name = Common;
			sourceTree = "<group>";
		};
		278C1FAA19B2F11D000F9B58 /* Controllers */ = {
			isa = PBXGroup;
			children = (
				273194F219E1AECA00A31748 /* LHHomeViewController.h */,
				273194F319E1AECA00A31748 /* LHHomeViewController.m */,
				2783FEAF1A072A5900FAD223 /* LHTermsViewController.h */,
				2783FEB01A072A5900FAD223 /* LHTermsViewController.m */,
			);
			name = Controllers;
			sourceTree = "<group>";
		};
		278C1FAB19B2F135000F9B58 /* Views */ = {
			isa = PBXGroup;
			children = (
				27EFEEE719AAA725002740D1 /* Main.storyboard */,
			);
			name = Views;
			sourceTree = "<group>";
		};
		278C1FAC19B2F8CF000F9B58 /* Resources */ = {
			isa = PBXGroup;
			children = (
				278C1FAD19B2F8F6000F9B58 /* image */,
			);
			name = Resources;
			sourceTree = "<group>";
		};
		278C1FAD19B2F8F6000F9B58 /* image */ = {
			isa = PBXGroup;
			children = (
				2783FEB41A0738C300FAD223 /* terms */,
				27130E6D19BCB6C700970DA7 /* common */,
			);
			path = image;
			sourceTree = "<group>";
		};
		27CE2D0619DA2CF50015D47F /* Vendors */ = {
			isa = PBXGroup;
			children = (
				27EB6A221B103933006256F3 /* Fabric */,
				27EB6A1F1B103925006256F3 /* Crashlytics */,
				27EB6A1C1B10391B006256F3 /* CAR */,
				273194E219E1128F00A31748 /* Parse */,
				27CE2D0719DA2CF50015D47F /* GoogleAnalytics */,
			);
			path = Vendors;
			sourceTree = "<group>";
		};
		27CE2D0719DA2CF50015D47F /* GoogleAnalytics */ = {
			isa = PBXGroup;
			children = (
				27CE2D0819DA2CF50015D47F /* header */,
				27CE2D1319DA2CF50015D47F /* lib */,
			);
			path = GoogleAnalytics;
			sourceTree = "<group>";
		};
		27CE2D0819DA2CF50015D47F /* header */ = {
			isa = PBXGroup;
			children = (
				27CE2D0919DA2CF50015D47F /* GAI.h */,
				27CE2D0A19DA2CF50015D47F /* GAIDictionaryBuilder.h */,
				27CE2D0B19DA2CF50015D47F /* GAIEcommerceFields.h */,
				27CE2D0C19DA2CF50015D47F /* GAIEcommerceProduct.h */,
				27CE2D0D19DA2CF50015D47F /* GAIEcommerceProductAction.h */,
				27CE2D0E19DA2CF50015D47F /* GAIEcommercePromotion.h */,
				27CE2D0F19DA2CF50015D47F /* GAIFields.h */,
				27CE2D1019DA2CF50015D47F /* GAILogger.h */,
				27CE2D1119DA2CF50015D47F /* GAITrackedViewController.h */,
				27CE2D1219DA2CF50015D47F /* GAITracker.h */,
			);
			path = header;
			sourceTree = "<group>";
		};
		27CE2D1319DA2CF50015D47F /* lib */ = {
			isa = PBXGroup;
			children = (
				27CE2D1419DA2CF50015D47F /* libGoogleAnalyticsServices.a */,
			);
			path = lib;
			sourceTree = "<group>";
		};
		27EB6A1C1B10391B006256F3 /* CAR */ = {
			isa = PBXGroup;
			children = (
				27EB6A1D1B10391B006256F3 /* CAR.framework */,
			);
			path = CAR;
			sourceTree = "<group>";
		};
		27EB6A1F1B103925006256F3 /* Crashlytics */ = {
			isa = PBXGroup;
			children = (
				27EB6A201B103925006256F3 /* Crashlytics.framework */,
			);
			path = Crashlytics;
			sourceTree = "<group>";
		};
		27EB6A221B103933006256F3 /* Fabric */ = {
			isa = PBXGroup;
			children = (
				27EB6A231B103933006256F3 /* Fabric.framework */,
			);
			path = Fabric;
			sourceTree = "<group>";
		};
		27EFEEC919AAA725002740D1 = {
			isa = PBXGroup;
			children = (
				27CE2D0619DA2CF50015D47F /* Vendors */,
				27EFEEED19AAA725002740D1 /* Images.xcassets */,
				27EFEEDB19AAA725002740D1 /* LiveHouse */,
				27EFEEFA19AAA725002740D1 /* LiveHouseTests */,
				27EFEED419AAA725002740D1 /* Frameworks */,
				27EFEED319AAA725002740D1 /* Products */,
				0D57CED88CFB9FD3469A0205 /* Pods */,
			);
			sourceTree = "<group>";
		};
		27EFEED319AAA725002740D1 /* Products */ = {
			isa = PBXGroup;
			children = (
				27EFEED219AAA725002740D1 /* LIVEHOUSE.app */,
				27EFEEF319AAA725002740D1 /* LiveHouseTests.xctest */,
			);
			name = Products;
			sourceTree = "<group>";
		};
		27EFEED419AAA725002740D1 /* Frameworks */ = {
			isa = PBXGroup;
			children = (
				27FC09691B060FED00B8AD66 /* FBSDKLoginKit.framework */,
				27FC09651B060CC900B8AD66 /* FBSDKCoreKit.framework */,
				27FC09631B060B1000B8AD66 /* libstdc++.6.0.9.dylib */,
				2732E60D1B03B52A0063A297 /* QuartzCore.framework */,
				2732E60B1B03B5220063A297 /* MobileCoreServices.framework */,
				2732E6091B03B5150063A297 /* CoreLocation.framework */,
				2732E6071B03B5010063A297 /* CFNetwork.framework */,
				27774A171A791B4300FF0FC2 /* StoreKit.framework */,
				27336E1319ED7FC400416A74 /* Security.framework */,
				273194EB19E1155100A31748 /* Accounts.framework */,
				273194E919E1153B00A31748 /* Social.framework */,
				27CE2D1C19DA2E120015D47F /* libsqlite3.0.dylib */,
				27CE2D1A19DA2DCE0015D47F /* libz.dylib */,
				27CE2D1819DA2D980015D47F /* SystemConfiguration.framework */,
				27CE2D1619DA2D460015D47F /* CoreData.framework */,
				2786956D19B626250086137A /* MediaPlayer.framework */,
				273C290019B3FF7A0000C83E /* AVFoundation.framework */,
				278C1FB219B3006C000F9B58 /* AudioToolbox.framework */,
				27EFEED519AAA725002740D1 /* Foundation.framework */,
				27EFEED719AAA725002740D1 /* CoreGraphics.framework */,
				27EFEED919AAA725002740D1 /* UIKit.framework */,
				27EFEEF419AAA725002740D1 /* XCTest.framework */,
				402C1A4FFCCE439EA49FEF2B /* libPods.a */,
			);
			name = Frameworks;
			sourceTree = "<group>";
		};
		27EFEEDB19AAA725002740D1 /* LiveHouse */ = {
			isa = PBXGroup;
			children = (
				278C1FAC19B2F8CF000F9B58 /* Resources */,
				273C290219B3FFE20000C83E /* Models */,
				278C1FB119B3006C000F9B58 /* LiveHouse.entitlements */,
				27EFEEE419AAA725002740D1 /* LHAppDelegate.h */,
				27EFEEE519AAA725002740D1 /* LHAppDelegate.m */,
				278C1F1019B2DE62000F9B58 /* Common */,
				278C1F0619B2D5F1000F9B58 /* Extensions */,
				278C1FAA19B2F11D000F9B58 /* Controllers */,
				278C1FAB19B2F135000F9B58 /* Views */,
				27EFEEDC19AAA725002740D1 /* Supporting Files */,
				27A11B4B19D83ED700B6A277 /* Settings.bundle */,
			);
			path = LiveHouse;
			sourceTree = "<group>";
		};
		27EFEEDC19AAA725002740D1 /* Supporting Files */ = {
			isa = PBXGroup;
			children = (
				27EFEEDD19AAA725002740D1 /* LiveHouse-Info.plist */,
				27EFEEDE19AAA725002740D1 /* InfoPlist.strings */,
				27EFEEE119AAA725002740D1 /* main.m */,
				27EFEEE319AAA725002740D1 /* LiveHouse-Prefix.pch */,
			);
			name = "Supporting Files";
			sourceTree = "<group>";
		};
		27EFEEFA19AAA725002740D1 /* LiveHouseTests */ = {
			isa = PBXGroup;
			children = (
				27EFEF0019AAA725002740D1 /* LiveHouseTests.m */,
				27EFEEFB19AAA725002740D1 /* Supporting Files */,
			);
			path = LiveHouseTests;
			sourceTree = "<group>";
		};
		27EFEEFB19AAA725002740D1 /* Supporting Files */ = {
			isa = PBXGroup;
			children = (
				27EFEEFC19AAA725002740D1 /* LiveHouseTests-Info.plist */,
				27EFEEFD19AAA725002740D1 /* InfoPlist.strings */,
			);
			name = "Supporting Files";
			sourceTree = "<group>";
		};
/* End PBXGroup section */

/* Begin PBXNativeTarget section */
		27EFEED119AAA725002740D1 /* LiveHouse */ = {
			isa = PBXNativeTarget;
			buildConfigurationList = 27EFEF0419AAA725002740D1 /* Build configuration list for PBXNativeTarget "LiveHouse" */;
			buildPhases = (
				B74C45C0B6554DF3A6F61E25 /* Check Pods Manifest.lock */,
				27EFEECE19AAA725002740D1 /* Sources */,
				27EFEECF19AAA725002740D1 /* Frameworks */,
				27EFEED019AAA725002740D1 /* Resources */,
				FB86A517D2814B45AD506D79 /* Copy Pods Resources */,
				2721457F1A11DCCB008CDF21 /* ShellScript */,
			);
			buildRules = (
			);
			dependencies = (
			);
			name = LiveHouse;
			productName = LiveHouse;
			productReference = 27EFEED219AAA725002740D1 /* LIVEHOUSE.app */;
			productType = "com.apple.product-type.application";
		};
		27EFEEF219AAA725002740D1 /* LiveHouseTests */ = {
			isa = PBXNativeTarget;
			buildConfigurationList = 27EFEF0719AAA725002740D1 /* Build configuration list for PBXNativeTarget "LiveHouseTests" */;
			buildPhases = (
				27EFEEEF19AAA725002740D1 /* Sources */,
				27EFEEF019AAA725002740D1 /* Frameworks */,
				27EFEEF119AAA725002740D1 /* Resources */,
			);
			buildRules = (
			);
			dependencies = (
				27EFEEF919AAA725002740D1 /* PBXTargetDependency */,
			);
			name = LiveHouseTests;
			productName = LiveHouseTests;
			productReference = 27EFEEF319AAA725002740D1 /* LiveHouseTests.xctest */;
			productType = "com.apple.product-type.bundle.unit-test";
		};
/* End PBXNativeTarget section */

/* Begin PBXProject section */
		27EFEECA19AAA725002740D1 /* Project object */ = {
			isa = PBXProject;
			attributes = {
				CLASSPREFIX = LH;
				LastUpgradeCheck = 0630;
				ORGANIZATIONNAME = "LIVEHOUSE inc.";
				TargetAttributes = {
					27EFEED119AAA725002740D1 = {
						DevelopmentTeam = B7N22X49QP;
						SystemCapabilities = {
							com.apple.InAppPurchase = {
								enabled = 1;
							};
						};
					};
					27EFEEF219AAA725002740D1 = {
						TestTargetID = 27EFEED119AAA725002740D1;
					};
				};
			};
			buildConfigurationList = 27EFEECD19AAA725002740D1 /* Build configuration list for PBXProject "LiveHouse" */;
			compatibilityVersion = "Xcode 6.3";
			developmentRegion = English;
			hasScannedForEncodings = 0;
			knownRegions = (
				en,
				Base,
			);
			mainGroup = 27EFEEC919AAA725002740D1;
			productRefGroup = 27EFEED319AAA725002740D1 /* Products */;
			projectDirPath = "";
			projectRoot = "";
			targets = (
				27EFEED119AAA725002740D1 /* LiveHouse */,
				27EFEEF219AAA725002740D1 /* LiveHouseTests */,
			);
		};
/* End PBXProject section */

/* Begin PBXResourcesBuildPhase section */
		27EFEED019AAA725002740D1 /* Resources */ = {
			isa = PBXResourcesBuildPhase;
			buildActionMask = 2147483647;
			files = (
				27EC849419B1E2FB00DA13B1 /* overlay.png in Resources */,
				2783FEB71A0738DC00FAD223 /* icon-empty.png in Resources */,
				27EFEEEE19AAA725002740D1 /* Images.xcassets in Resources */,
				27A11B4C19D83ED700B6A277 /* Settings.bundle in Resources */,
				27EFEF0B19AAB76F002740D1 /* background.png in Resources */,
				2783FEB31A07333000FAD223 /* terms_bg.png in Resources */,
				27EFEEE019AAA725002740D1 /* InfoPlist.strings in Resources */,
				27EFEEE919AAA725002740D1 /* Main.storyboard in Resources */,
				2783FEBA1A07392A00FAD223 /* icon-selected.png in Resources */,
			);
			runOnlyForDeploymentPostprocessing = 0;
		};
		27EFEEF119AAA725002740D1 /* Resources */ = {
			isa = PBXResourcesBuildPhase;
			buildActionMask = 2147483647;
			files = (
				27EFEEFF19AAA725002740D1 /* InfoPlist.strings in Resources */,
			);
			runOnlyForDeploymentPostprocessing = 0;
		};
/* End PBXResourcesBuildPhase section */

/* Begin PBXShellScriptBuildPhase section */
		2721457F1A11DCCB008CDF21 /* ShellScript */ = {
			isa = PBXShellScriptBuildPhase;
			buildActionMask = 2147483647;
			files = (
			);
			inputPaths = (
			);
			outputPaths = (
			);
			runOnlyForDeploymentPostprocessing = 0;
			shellPath = /bin/sh;
			shellScript = "./Vendors/Fabric/Fabric.framework/run 96d718aba1492c8fac8c30ff4e19ccdeea414a63 4ed02573b4a53234b629fa5351f13be40b261c05bc72dd2e79290a1e87d0f754";
		};
		B74C45C0B6554DF3A6F61E25 /* Check Pods Manifest.lock */ = {
			isa = PBXShellScriptBuildPhase;
			buildActionMask = 2147483647;
			files = (
			);
			inputPaths = (
			);
			name = "Check Pods Manifest.lock";
			outputPaths = (
			);
			runOnlyForDeploymentPostprocessing = 0;
			shellPath = /bin/sh;
			shellScript = "diff \"${PODS_ROOT}/../Podfile.lock\" \"${PODS_ROOT}/Manifest.lock\" > /dev/null\nif [[ $? != 0 ]] ; then\n    cat << EOM\nerror: The sandbox is not in sync with the Podfile.lock. Run 'pod install' or update your CocoaPods installation.\nEOM\n    exit 1\nfi\n";
			showEnvVarsInLog = 0;
		};
		FB86A517D2814B45AD506D79 /* Copy Pods Resources */ = {
			isa = PBXShellScriptBuildPhase;
			buildActionMask = 2147483647;
			files = (
			);
			inputPaths = (
			);
			name = "Copy Pods Resources";
			outputPaths = (
			);
			runOnlyForDeploymentPostprocessing = 0;
			shellPath = /bin/sh;
			shellScript = "\"${SRCROOT}/Pods/Target Support Files/Pods/Pods-resources.sh\"\n";
			showEnvVarsInLog = 0;
		};
/* End PBXShellScriptBuildPhase section */

/* Begin PBXSourcesBuildPhase section */
		27EFEECE19AAA725002740D1 /* Sources */ = {
			isa = PBXSourcesBuildPhase;
			buildActionMask = 2147483647;
			files = (
				2783FEB11A072A5900FAD223 /* LHTermsViewController.m in Sources */,
				278C1F0F19B2D7B3000F9B58 /* UIColor+LHColor.m in Sources */,
				273194F419E1AECA00A31748 /* LHHomeViewController.m in Sources */,
				27EB6A271B10B464006256F3 /* NSString+Util.m in Sources */,
				27EFEEE619AAA725002740D1 /* LHAppDelegate.m in Sources */,
				27FCF2D419F5478F0092A733 /* UIApplication+UIID.m in Sources */,
				27EFEEE219AAA725002740D1 /* main.m in Sources */,
				278C1F1419B2DFBE000F9B58 /* LHBaseConfig.m in Sources */,
				278C1F1719B2E1EE000F9B58 /* LHConfig.m in Sources */,
				27FCF2D719F54D560092A733 /* LHURLRequest.m in Sources */,
			);
			runOnlyForDeploymentPostprocessing = 0;
		};
		27EFEEEF19AAA725002740D1 /* Sources */ = {
			isa = PBXSourcesBuildPhase;
			buildActionMask = 2147483647;
			files = (
				27EFEF0119AAA725002740D1 /* LiveHouseTests.m in Sources */,
			);
			runOnlyForDeploymentPostprocessing = 0;
		};
/* End PBXSourcesBuildPhase section */

/* Begin PBXTargetDependency section */
		27EFEEF919AAA725002740D1 /* PBXTargetDependency */ = {
			isa = PBXTargetDependency;
			target = 27EFEED119AAA725002740D1 /* LiveHouse */;
			targetProxy = 27EFEEF819AAA725002740D1 /* PBXContainerItemProxy */;
		};
/* End PBXTargetDependency section */

/* Begin PBXVariantGroup section */
		27EFEEDE19AAA725002740D1 /* InfoPlist.strings */ = {
			isa = PBXVariantGroup;
			children = (
				27EFEEDF19AAA725002740D1 /* en */,
			);
			name = InfoPlist.strings;
			sourceTree = "<group>";
		};
		27EFEEE719AAA725002740D1 /* Main.storyboard */ = {
			isa = PBXVariantGroup;
			children = (
				27EFEEE819AAA725002740D1 /* Base */,
			);
			name = Main.storyboard;
			sourceTree = "<group>";
		};
		27EFEEFD19AAA725002740D1 /* InfoPlist.strings */ = {
			isa = PBXVariantGroup;
			children = (
				27EFEEFE19AAA725002740D1 /* en */,
			);
			name = InfoPlist.strings;
			sourceTree = "<group>";
		};
/* End PBXVariantGroup section */

/* Begin XCBuildConfiguration section */
		27EFEF0219AAA725002740D1 /* Debug */ = {
			isa = XCBuildConfiguration;
			buildSettings = {
				ALWAYS_SEARCH_USER_PATHS = NO;
				CLANG_CXX_LANGUAGE_STANDARD = "gnu++0x";
				CLANG_CXX_LIBRARY = "libc++";
				CLANG_ENABLE_MODULES = YES;
				CLANG_ENABLE_OBJC_ARC = YES;
				CLANG_WARN_BOOL_CONVERSION = YES;
				CLANG_WARN_CONSTANT_CONVERSION = YES;
				CLANG_WARN_DIRECT_OBJC_ISA_USAGE = YES_ERROR;
				CLANG_WARN_EMPTY_BODY = YES;
				CLANG_WARN_ENUM_CONVERSION = YES;
				CLANG_WARN_INT_CONVERSION = YES;
				CLANG_WARN_OBJC_ROOT_CLASS = YES_ERROR;
				CLANG_WARN__DUPLICATE_METHOD_MATCH = YES;
				"CODE_SIGN_IDENTITY[sdk=iphoneos*]" = "iPhone Developer";
				COPY_PHASE_STRIP = NO;
				GCC_C_LANGUAGE_STANDARD = gnu99;
				GCC_DYNAMIC_NO_PIC = NO;
				GCC_OPTIMIZATION_LEVEL = 0;
				GCC_PREPROCESSOR_DEFINITIONS = (
					"DEBUG=1",
					"$(inherited)",
				);
				GCC_SYMBOLS_PRIVATE_EXTERN = NO;
				GCC_WARN_64_TO_32_BIT_CONVERSION = YES;
				GCC_WARN_ABOUT_RETURN_TYPE = YES_ERROR;
				GCC_WARN_UNDECLARED_SELECTOR = YES;
				GCC_WARN_UNINITIALIZED_AUTOS = YES_AGGRESSIVE;
				GCC_WARN_UNUSED_FUNCTION = YES;
				GCC_WARN_UNUSED_VARIABLE = YES;
				IPHONEOS_DEPLOYMENT_TARGET = 7.0;
				ONLY_ACTIVE_ARCH = YES;
				SDKROOT = iphoneos;
			};
			name = Debug;
		};
		27EFEF0319AAA725002740D1 /* Release */ = {
			isa = XCBuildConfiguration;
			buildSettings = {
				ALWAYS_SEARCH_USER_PATHS = NO;
				CLANG_CXX_LANGUAGE_STANDARD = "gnu++0x";
				CLANG_CXX_LIBRARY = "libc++";
				CLANG_ENABLE_MODULES = YES;
				CLANG_ENABLE_OBJC_ARC = YES;
				CLANG_WARN_BOOL_CONVERSION = YES;
				CLANG_WARN_CONSTANT_CONVERSION = YES;
				CLANG_WARN_DIRECT_OBJC_ISA_USAGE = YES_ERROR;
				CLANG_WARN_EMPTY_BODY = YES;
				CLANG_WARN_ENUM_CONVERSION = YES;
				CLANG_WARN_INT_CONVERSION = YES;
				CLANG_WARN_OBJC_ROOT_CLASS = YES_ERROR;
				CLANG_WARN__DUPLICATE_METHOD_MATCH = YES;
				"CODE_SIGN_IDENTITY[sdk=iphoneos*]" = "iPhone Developer";
				COPY_PHASE_STRIP = YES;
				ENABLE_NS_ASSERTIONS = NO;
				GCC_C_LANGUAGE_STANDARD = gnu99;
				GCC_WARN_64_TO_32_BIT_CONVERSION = YES;
				GCC_WARN_ABOUT_RETURN_TYPE = YES_ERROR;
				GCC_WARN_UNDECLARED_SELECTOR = YES;
				GCC_WARN_UNINITIALIZED_AUTOS = YES_AGGRESSIVE;
				GCC_WARN_UNUSED_FUNCTION = YES;
				GCC_WARN_UNUSED_VARIABLE = YES;
				IPHONEOS_DEPLOYMENT_TARGET = 7.0;
				SDKROOT = iphoneos;
				VALIDATE_PRODUCT = YES;
			};
			name = Release;
		};
		27EFEF0519AAA725002740D1 /* Debug */ = {
			isa = XCBuildConfiguration;
			baseConfigurationReference = C391842A18644386229EA2D3 /* Pods.debug.xcconfig */;
			buildSettings = {
				ASSETCATALOG_COMPILER_APPICON_NAME = AppIcon;
				ASSETCATALOG_COMPILER_LAUNCHIMAGE_NAME = LaunchImage;
				CODE_SIGN_ENTITLEMENTS = LiveHouse/LiveHouse.entitlements;
				CODE_SIGN_IDENTITY = "iPhone Developer: Kentaro Suzuki (R25TVQT4H7)";
				"CODE_SIGN_IDENTITY[sdk=iphoneos*]" = "iPhone Developer: Kentaro Suzuki (R25TVQT4H7)";
				FRAMEWORK_SEARCH_PATHS = (
					"$(inherited)",
					"$(PROJECT_DIR)/Vendors/Parse",
					/Users/uehara.masayuki/Documents/FacebookSDK,
					"$(PROJECT_DIR)",
					"$(PROJECT_DIR)/Vendors/CAR",
					"$(PROJECT_DIR)/Vendors/Crashlytics",
					"$(PROJECT_DIR)/Vendors/Fabric",
				);
				GCC_PRECOMPILE_PREFIX_HEADER = YES;
				GCC_PREFIX_HEADER = "LiveHouse/LiveHouse-Prefix.pch";
				INFOPLIST_FILE = "LiveHouse/LiveHouse-Info.plist";
				IPHONEOS_DEPLOYMENT_TARGET = 7.0;
				LIBRARY_SEARCH_PATHS = (
					"$(inherited)",
					"$(PROJECT_DIR)/Vendors/GoogleAnalytics/lib",
				);
				ONLY_ACTIVE_ARCH = NO;
				PRODUCT_NAME = LIVEHOUSE;
				PROVISIONING_PROFILE = "c5817874-c7f1-4574-89c6-412f0ef04eed";
				TARGETED_DEVICE_FAMILY = 1;
				WRAPPER_EXTENSION = app;
			};
			name = Debug;
		};
		27EFEF0619AAA725002740D1 /* Release */ = {
			isa = XCBuildConfiguration;
			baseConfigurationReference = 9FCCACB725E826461851D222 /* Pods.release.xcconfig */;
			buildSettings = {
				ASSETCATALOG_COMPILER_APPICON_NAME = AppIcon;
				ASSETCATALOG_COMPILER_LAUNCHIMAGE_NAME = LaunchImage;
				CODE_SIGN_ENTITLEMENTS = LiveHouse/LiveHouse.entitlements;
				CODE_SIGN_IDENTITY = "iPhone Developer: Kentaro Suzuki (R25TVQT4H7)";
				"CODE_SIGN_IDENTITY[sdk=iphoneos*]" = "iPhone Developer: Kentaro Suzuki (R25TVQT4H7)";
				FRAMEWORK_SEARCH_PATHS = (
					"$(inherited)",
					"$(PROJECT_DIR)/Vendors/Parse",
					/Users/uehara.masayuki/Documents/FacebookSDK,
					"$(PROJECT_DIR)",
					"$(PROJECT_DIR)/Vendors/CAR",
					"$(PROJECT_DIR)/Vendors/Crashlytics",
					"$(PROJECT_DIR)/Vendors/Fabric",
				);
				GCC_PRECOMPILE_PREFIX_HEADER = YES;
				GCC_PREFIX_HEADER = "LiveHouse/LiveHouse-Prefix.pch";
				INFOPLIST_FILE = "LiveHouse/LiveHouse-Info.plist";
				IPHONEOS_DEPLOYMENT_TARGET = 7.0;
				LIBRARY_SEARCH_PATHS = (
					"$(inherited)",
					"$(PROJECT_DIR)/Vendors/GoogleAnalytics/lib",
				);
				ONLY_ACTIVE_ARCH = YES;
				PRODUCT_NAME = LIVEHOUSE;
				PROVISIONING_PROFILE = "c5817874-c7f1-4574-89c6-412f0ef04eed";
				TARGETED_DEVICE_FAMILY = 1;
				WRAPPER_EXTENSION = app;
			};
			name = Release;
		};
		27EFEF0819AAA725002740D1 /* Debug */ = {
			isa = XCBuildConfiguration;
			buildSettings = {
				BUNDLE_LOADER = "$(BUILT_PRODUCTS_DIR)/LiveHouse.app/LiveHouse";
				FRAMEWORK_SEARCH_PATHS = (
					"$(SDKROOT)/Developer/Library/Frameworks",
					"$(inherited)",
					"$(DEVELOPER_FRAMEWORKS_DIR)",
				);
				GCC_PRECOMPILE_PREFIX_HEADER = YES;
				GCC_PREFIX_HEADER = "LiveHouse/LiveHouse-Prefix.pch";
				GCC_PREPROCESSOR_DEFINITIONS = (
					"DEBUG=1",
					"$(inherited)",
				);
				INFOPLIST_FILE = "LiveHouseTests/LiveHouseTests-Info.plist";
				PRODUCT_NAME = "$(TARGET_NAME)";
				TEST_HOST = "$(BUNDLE_LOADER)";
				WRAPPER_EXTENSION = xctest;
			};
			name = Debug;
		};
		27EFEF0919AAA725002740D1 /* Release */ = {
			isa = XCBuildConfiguration;
			buildSettings = {
				BUNDLE_LOADER = "$(BUILT_PRODUCTS_DIR)/LiveHouse.app/LiveHouse";
				FRAMEWORK_SEARCH_PATHS = (
					"$(SDKROOT)/Developer/Library/Frameworks",
					"$(inherited)",
					"$(DEVELOPER_FRAMEWORKS_DIR)",
				);
				GCC_PRECOMPILE_PREFIX_HEADER = YES;
				GCC_PREFIX_HEADER = "LiveHouse/LiveHouse-Prefix.pch";
				INFOPLIST_FILE = "LiveHouseTests/LiveHouseTests-Info.plist";
				PRODUCT_NAME = "$(TARGET_NAME)";
				TEST_HOST = "$(BUNDLE_LOADER)";
				WRAPPER_EXTENSION = xctest;
			};
			name = Release;
		};
/* End XCBuildConfiguration section */

/* Begin XCConfigurationList section */
		27EFEECD19AAA725002740D1 /* Build configuration list for PBXProject "LiveHouse" */ = {
			isa = XCConfigurationList;
			buildConfigurations = (
				27EFEF0219AAA725002740D1 /* Debug */,
				27EFEF0319AAA725002740D1 /* Release */,
			);
			defaultConfigurationIsVisible = 0;
			defaultConfigurationName = Release;
		};
		27EFEF0419AAA725002740D1 /* Build configuration list for PBXNativeTarget "LiveHouse" */ = {
			isa = XCConfigurationList;
			buildConfigurations = (
				27EFEF0519AAA725002740D1 /* Debug */,
				27EFEF0619AAA725002740D1 /* Release */,
			);
			defaultConfigurationIsVisible = 0;
			defaultConfigurationName = Release;
		};
		27EFEF0719AAA725002740D1 /* Build configuration list for PBXNativeTarget "LiveHouseTests" */ = {
			isa = XCConfigurationList;
			buildConfigurations = (
				27EFEF0819AAA725002740D1 /* Debug */,
				27EFEF0919AAA725002740D1 /* Release */,
			);
			defaultConfigurationIsVisible = 0;
			defaultConfigurationName = Release;
		};
/* End XCConfigurationList section */
	};
	rootObject = 27EFEECA19AAA725002740D1 /* Project object */;
}
